
Microsoft Visual Studio Solution File, Format Version 12.00
# Visual Studio Version 17
VisualStudioVersion = 17.4.33213.308
MinimumVisualStudioVersion = 10.0.40219.1
Project("{FAE04EC0-301F-11D3-BF4B-00C04F79EFBC}") = "TextRedaktor", "TextRedaktor\TextRedaktor.csproj", "{FA4EE16C-6128-4E1E-BC6E-E3467741310D}"
EndProject
Global
	GlobalSection(SolutionConfigurationPlatforms) = preSolution
		Debug|Any CPU = Debug|Any CPU
		Release|Any CPU = Release|Any CPU
	EndGlobalSection
	GlobalSection(ProjectConfigurationPlatforms) = postSolution
		{FA4EE16C-6128-4E1E-BC6E-E3467741310D}.Debug|Any CPU.ActiveCfg = Debug|Any CPU
		{FA4EE16C-6128-4E1E-BC6E-E3467741310D}.Debug|Any CPU.Build.0 = Debug|Any CPU
		{FA4EE16C-6128-4E1E-BC6E-E3467741310D}.Release|Any CPU.ActiveCfg = Release|Any CPU
		{FA4EE16C-6128-4E1E-BC6E-E3467741310D}.Release|Any CPU.Build.0 = Release|Any CPU
	EndGlobalSection
	GlobalSection(SolutionProperties) = preSolution
		HideSolutionNode = FALSE
	EndGlobalSection
	GlobalSection(ExtensibilityGlobals) = postSolution
		SolutionGuid = {F97C690C-50E4-4DA3-9604-CA5A6225E3F8}
	EndGlobalSection
EndGlobal
